
Microsoft Visual Studio Solution File, Format Version 12.00
# Visual Studio Version 16
VisualStudioVersion = 16.0.30523.141
MinimumVisualStudioVersion = 10.0.40219.1
Project("{FAE04EC0-301F-11D3-BF4B-00C04F79EFBC}") = "Sum", "Sum.csproj", "{5C95591E-56F6-4D43-9121-E33F9A195124}"
EndProject
Global
	GlobalSection(SolutionConfigurationPlatforms) = preSolution
		Debug|Any CPU = Debug|Any CPU
		Release|Any CPU = Release|Any CPU
	EndGlobalSection
	GlobalSection(ProjectConfigurationPlatforms) = postSolution
		{5C95591E-56F6-4D43-9121-E33F9A195124}.Debug|Any CPU.ActiveCfg = Debug|Any CPU
		{5C95591E-56F6-4D43-9121-E33F9A195124}.Debug|Any CPU.Build.0 = Debug|Any CPU
		{5C95591E-56F6-4D43-9121-E33F9A195124}.Release|Any CPU.ActiveCfg = Release|Any CPU
		{5C95591E-56F6-4D43-9121-E33F9A195124}.Release|Any CPU.Build.0 = Release|Any CPU
	EndGlobalSection
	GlobalSection(SolutionProperties) = preSolution
		HideSolutionNode = FALSE
	EndGlobalSection
	GlobalSection(ExtensibilityGlobals) = postSolution
		SolutionGuid = {B2F46ED2-C6C8-4A64-9E40-87CF13E4CF29}
	EndGlobalSection
EndGlobal
