
Microsoft Visual Studio Solution File, Format Version 12.00
# Visual Studio Version 16
VisualStudioVersion = 16.0.30523.141
MinimumVisualStudioVersion = 10.0.40219.1
Project("{FAE04EC0-301F-11D3-BF4B-00C04F79EFBC}") = "Hitman game", "Hitman game.csproj", "{BC532A11-4B21-45E6-9C2C-431D52194A1E}"
EndProject
Global
	GlobalSection(SolutionConfigurationPlatforms) = preSolution
		Debug|Any CPU = Debug|Any CPU
		Release|Any CPU = Release|Any CPU
	EndGlobalSection
	GlobalSection(ProjectConfigurationPlatforms) = postSolution
		{BC532A11-4B21-45E6-9C2C-431D52194A1E}.Debug|Any CPU.ActiveCfg = Debug|Any CPU
		{BC532A11-4B21-45E6-9C2C-431D52194A1E}.Debug|Any CPU.Build.0 = Debug|Any CPU
		{BC532A11-4B21-45E6-9C2C-431D52194A1E}.Release|Any CPU.ActiveCfg = Release|Any CPU
		{BC532A11-4B21-45E6-9C2C-431D52194A1E}.Release|Any CPU.Build.0 = Release|Any CPU
	EndGlobalSection
	GlobalSection(SolutionProperties) = preSolution
		HideSolutionNode = FALSE
	EndGlobalSection
	GlobalSection(ExtensibilityGlobals) = postSolution
		SolutionGuid = {EE7E3A93-7615-465B-A747-1FF55C63F134}
	EndGlobalSection
EndGlobal
