
Microsoft Visual Studio Solution File, Format Version 12.00
# Visual Studio Version 16
VisualStudioVersion = 16.0.30523.141
MinimumVisualStudioVersion = 10.0.40219.1
Project("{FAE04EC0-301F-11D3-BF4B-00C04F79EFBC}") = "Binary_search", "Binary_search.csproj", "{B1C6D263-EC00-454C-85A0-EEBAF4DE4551}"
EndProject
Global
	GlobalSection(SolutionConfigurationPlatforms) = preSolution
		Debug|Any CPU = Debug|Any CPU
		Release|Any CPU = Release|Any CPU
	EndGlobalSection
	GlobalSection(ProjectConfigurationPlatforms) = postSolution
		{B1C6D263-EC00-454C-85A0-EEBAF4DE4551}.Debug|Any CPU.ActiveCfg = Debug|Any CPU
		{B1C6D263-EC00-454C-85A0-EEBAF4DE4551}.Debug|Any CPU.Build.0 = Debug|Any CPU
		{B1C6D263-EC00-454C-85A0-EEBAF4DE4551}.Release|Any CPU.ActiveCfg = Release|Any CPU
		{B1C6D263-EC00-454C-85A0-EEBAF4DE4551}.Release|Any CPU.Build.0 = Release|Any CPU
	EndGlobalSection
	GlobalSection(SolutionProperties) = preSolution
		HideSolutionNode = FALSE
	EndGlobalSection
	GlobalSection(ExtensibilityGlobals) = postSolution
		SolutionGuid = {504191AC-F319-4645-A4AE-26245D4BD152}
	EndGlobalSection
EndGlobal
