
Microsoft Visual Studio Solution File, Format Version 12.00
# Visual Studio Version 16
VisualStudioVersion = 16.0.30523.141
MinimumVisualStudioVersion = 10.0.40219.1
Project("{F184B08F-C81C-45F6-A57F-5ABD9991F28F}") = "WebApplication1", "WebApplication1.vbproj", "{810156DC-E81D-4242-A5DF-258F5489F01A}"
EndProject
Global
	GlobalSection(SolutionConfigurationPlatforms) = preSolution
		Debug|Any CPU = Debug|Any CPU
		Release|Any CPU = Release|Any CPU
	EndGlobalSection
	GlobalSection(ProjectConfigurationPlatforms) = postSolution
		{810156DC-E81D-4242-A5DF-258F5489F01A}.Debug|Any CPU.ActiveCfg = Debug|Any CPU
		{810156DC-E81D-4242-A5DF-258F5489F01A}.Debug|Any CPU.Build.0 = Debug|Any CPU
		{810156DC-E81D-4242-A5DF-258F5489F01A}.Release|Any CPU.ActiveCfg = Release|Any CPU
		{810156DC-E81D-4242-A5DF-258F5489F01A}.Release|Any CPU.Build.0 = Release|Any CPU
	EndGlobalSection
	GlobalSection(SolutionProperties) = preSolution
		HideSolutionNode = FALSE
	EndGlobalSection
	GlobalSection(ExtensibilityGlobals) = postSolution
		SolutionGuid = {FA7EC879-4BE4-406D-A65F-643B39FC8F4B}
	EndGlobalSection
EndGlobal
