
Microsoft Visual Studio Solution File, Format Version 12.00
# Visual Studio Version 16
VisualStudioVersion = 16.0.30523.141
MinimumVisualStudioVersion = 10.0.40219.1
Project("{FAE04EC0-301F-11D3-BF4B-00C04F79EFBC}") = "Web application", "Web application.csproj", "{2C76E2B6-BE7C-4F4A-8A7C-CF698C8C838C}"
EndProject
Global
	GlobalSection(SolutionConfigurationPlatforms) = preSolution
		Debug|Any CPU = Debug|Any CPU
		Release|Any CPU = Release|Any CPU
	EndGlobalSection
	GlobalSection(ProjectConfigurationPlatforms) = postSolution
		{2C76E2B6-BE7C-4F4A-8A7C-CF698C8C838C}.Debug|Any CPU.ActiveCfg = Debug|Any CPU
		{2C76E2B6-BE7C-4F4A-8A7C-CF698C8C838C}.Debug|Any CPU.Build.0 = Debug|Any CPU
		{2C76E2B6-BE7C-4F4A-8A7C-CF698C8C838C}.Release|Any CPU.ActiveCfg = Release|Any CPU
		{2C76E2B6-BE7C-4F4A-8A7C-CF698C8C838C}.Release|Any CPU.Build.0 = Release|Any CPU
	EndGlobalSection
	GlobalSection(SolutionProperties) = preSolution
		HideSolutionNode = FALSE
	EndGlobalSection
	GlobalSection(ExtensibilityGlobals) = postSolution
		SolutionGuid = {33F55301-9EAE-45E1-B1E9-0635EB094CC8}
	EndGlobalSection
EndGlobal
