
Microsoft Visual Studio Solution File, Format Version 12.00
# Visual Studio Version 16
VisualStudioVersion = 16.0.30523.141
MinimumVisualStudioVersion = 10.0.40219.1
Project("{FAE04EC0-301F-11D3-BF4B-00C04F79EFBC}") = "Students", "Students.csproj", "{8D110D36-2772-4940-9214-1B0ED0F24E6C}"
EndProject
Global
	GlobalSection(SolutionConfigurationPlatforms) = preSolution
		Debug|Any CPU = Debug|Any CPU
		Release|Any CPU = Release|Any CPU
	EndGlobalSection
	GlobalSection(ProjectConfigurationPlatforms) = postSolution
		{8D110D36-2772-4940-9214-1B0ED0F24E6C}.Debug|Any CPU.ActiveCfg = Debug|Any CPU
		{8D110D36-2772-4940-9214-1B0ED0F24E6C}.Debug|Any CPU.Build.0 = Debug|Any CPU
		{8D110D36-2772-4940-9214-1B0ED0F24E6C}.Release|Any CPU.ActiveCfg = Release|Any CPU
		{8D110D36-2772-4940-9214-1B0ED0F24E6C}.Release|Any CPU.Build.0 = Release|Any CPU
	EndGlobalSection
	GlobalSection(SolutionProperties) = preSolution
		HideSolutionNode = FALSE
	EndGlobalSection
	GlobalSection(ExtensibilityGlobals) = postSolution
		SolutionGuid = {837F162C-82BD-4397-B84B-635C21AE90AB}
	EndGlobalSection
EndGlobal
