
Microsoft Visual Studio Solution File, Format Version 12.00
# Visual Studio Version 16
VisualStudioVersion = 16.0.30523.141
MinimumVisualStudioVersion = 10.0.40219.1
Project("{FAE04EC0-301F-11D3-BF4B-00C04F79EFBC}") = "Lawn_mowing_Service", "Lawn_mowing_Service.csproj", "{AD1467FE-4FD1-4400-AFF2-47643D19EA9F}"
EndProject
Global
	GlobalSection(SolutionConfigurationPlatforms) = preSolution
		Debug|Any CPU = Debug|Any CPU
		Release|Any CPU = Release|Any CPU
	EndGlobalSection
	GlobalSection(ProjectConfigurationPlatforms) = postSolution
		{AD1467FE-4FD1-4400-AFF2-47643D19EA9F}.Debug|Any CPU.ActiveCfg = Debug|Any CPU
		{AD1467FE-4FD1-4400-AFF2-47643D19EA9F}.Debug|Any CPU.Build.0 = Debug|Any CPU
		{AD1467FE-4FD1-4400-AFF2-47643D19EA9F}.Release|Any CPU.ActiveCfg = Release|Any CPU
		{AD1467FE-4FD1-4400-AFF2-47643D19EA9F}.Release|Any CPU.Build.0 = Release|Any CPU
	EndGlobalSection
	GlobalSection(SolutionProperties) = preSolution
		HideSolutionNode = FALSE
	EndGlobalSection
	GlobalSection(ExtensibilityGlobals) = postSolution
		SolutionGuid = {A6ACF7BD-B6CE-4C7E-9BB0-EF13F1AAE4FB}
	EndGlobalSection
EndGlobal
