
Microsoft Visual Studio Solution File, Format Version 12.00
# Visual Studio Version 16
VisualStudioVersion = 16.0.30523.141
MinimumVisualStudioVersion = 10.0.40219.1
Project("{FAE04EC0-301F-11D3-BF4B-00C04F79EFBC}") = "Application_Form", "Application_Form\Application_Form.csproj", "{93114817-7380-4027-BAD0-296806C1C8AF}"
EndProject
Global
	GlobalSection(SolutionConfigurationPlatforms) = preSolution
		Debug|Any CPU = Debug|Any CPU
		Release|Any CPU = Release|Any CPU
	EndGlobalSection
	GlobalSection(ProjectConfigurationPlatforms) = postSolution
		{93114817-7380-4027-BAD0-296806C1C8AF}.Debug|Any CPU.ActiveCfg = Debug|Any CPU
		{93114817-7380-4027-BAD0-296806C1C8AF}.Debug|Any CPU.Build.0 = Debug|Any CPU
		{93114817-7380-4027-BAD0-296806C1C8AF}.Release|Any CPU.ActiveCfg = Release|Any CPU
		{93114817-7380-4027-BAD0-296806C1C8AF}.Release|Any CPU.Build.0 = Release|Any CPU
	EndGlobalSection
	GlobalSection(SolutionProperties) = preSolution
		HideSolutionNode = FALSE
	EndGlobalSection
	GlobalSection(ExtensibilityGlobals) = postSolution
		SolutionGuid = {BF50E979-388D-485F-BE92-5F290814D4CA}
	EndGlobalSection
EndGlobal
