
Microsoft Visual Studio Solution File, Format Version 12.00
# Visual Studio Version 16
VisualStudioVersion = 16.0.30523.141
MinimumVisualStudioVersion = 10.0.40219.1
Project("{FAE04EC0-301F-11D3-BF4B-00C04F79EFBC}") = "Practice_one", "Practice_one.csproj", "{A2B60D50-19F5-44DF-99F5-7130380AC9C4}"
EndProject
Global
	GlobalSection(SolutionConfigurationPlatforms) = preSolution
		Debug|Any CPU = Debug|Any CPU
		Release|Any CPU = Release|Any CPU
	EndGlobalSection
	GlobalSection(ProjectConfigurationPlatforms) = postSolution
		{A2B60D50-19F5-44DF-99F5-7130380AC9C4}.Debug|Any CPU.ActiveCfg = Debug|Any CPU
		{A2B60D50-19F5-44DF-99F5-7130380AC9C4}.Debug|Any CPU.Build.0 = Debug|Any CPU
		{A2B60D50-19F5-44DF-99F5-7130380AC9C4}.Release|Any CPU.ActiveCfg = Release|Any CPU
		{A2B60D50-19F5-44DF-99F5-7130380AC9C4}.Release|Any CPU.Build.0 = Release|Any CPU
	EndGlobalSection
	GlobalSection(SolutionProperties) = preSolution
		HideSolutionNode = FALSE
	EndGlobalSection
	GlobalSection(ExtensibilityGlobals) = postSolution
		SolutionGuid = {0E8BEC90-1C44-4328-844E-C95819E73734}
	EndGlobalSection
EndGlobal
